
Microsoft Visual Studio Solution File, Format Version 12.00
# Visual Studio Version 17
VisualStudioVersion = 17.4.33403.182
MinimumVisualStudioVersion = 10.0.40219.1
Project("{FAE04EC0-301F-11D3-BF4B-00C04F79EFBC}") = "CanTin", "CanTin\CanTin.csproj", "{0B105359-A455-4CBD-B477-E5CC4A1FFDCC}"
EndProject
Global
	GlobalSection(SolutionConfigurationPlatforms) = preSolution
		Debug|Any CPU = Debug|Any CPU
		Release|Any CPU = Release|Any CPU
	EndGlobalSection
	GlobalSection(ProjectConfigurationPlatforms) = postSolution
		{0B105359-A455-4CBD-B477-E5CC4A1FFDCC}.Debug|Any CPU.ActiveCfg = Debug|Any CPU
		{0B105359-A455-4CBD-B477-E5CC4A1FFDCC}.Debug|Any CPU.Build.0 = Debug|Any CPU
		{0B105359-A455-4CBD-B477-E5CC4A1FFDCC}.Release|Any CPU.ActiveCfg = Release|Any CPU
		{0B105359-A455-4CBD-B477-E5CC4A1FFDCC}.Release|Any CPU.Build.0 = Release|Any CPU
	EndGlobalSection
	GlobalSection(SolutionProperties) = preSolution
		HideSolutionNode = FALSE
	EndGlobalSection
	GlobalSection(ExtensibilityGlobals) = postSolution
		SolutionGuid = {ECD3124D-3BED-4DDC-A61F-086F8D7B8E1B}
	EndGlobalSection
EndGlobal
